
Microsoft Visual Studio Solution File, Format Version 12.00
# Visual Studio Version 17
VisualStudioVersion = 17.14.36109.1
MinimumVisualStudioVersion = 10.0.40219.1
Project("{FAE04EC0-301F-11D3-BF4B-00C04F79EFBC}") = "HelloWorld", "HelloWorld\HelloWorld.csproj", "{B3661E39-C91C-4963-9954-9A7F5864D122}"
EndProject
Project("{FAE04EC0-301F-11D3-BF4B-00C04F79EFBC}") = "ptbac1", "ptbac1\ptbac1.csproj", "{C6260324-F43F-433B-9D8D-25DC2B5873D3}"
EndProject
Project("{FAE04EC0-301F-11D3-BF4B-00C04F79EFBC}") = "ptbac2", "ptbac2\ptbac2.csproj", "{5C9963FB-FAE2-49F2-81EE-9C092DD61037}"
EndProject
Project("{FAE04EC0-301F-11D3-BF4B-00C04F79EFBC}") = "StringInteraction", "StringInteraction\StringInteraction.csproj", "{8FC1B901-60A6-4A8A-8F04-AC4B24160E14}"
EndProject
Project("{FAE04EC0-301F-11D3-BF4B-00C04F79EFBC}") = "SimpleMath", "SimpleMath\SimpleMath.csproj", "{CB8E01FF-9916-48FA-9747-D8C17ACF86A1}"
EndProject
Project("{FAE04EC0-301F-11D3-BF4B-00C04F79EFBC}") = "Referenece", "Referenece\Referenece.csproj", "{E6976327-F1F6-40CC-87CF-1F1FCD3227B6}"
EndProject
Project("{FAE04EC0-301F-11D3-BF4B-00C04F79EFBC}") = "ReviewFor", "ReviewFor\ReviewFor.csproj", "{59D8A0E9-2DC4-41FD-AE0C-881A8743D7E8}"
EndProject
Project("{FAE04EC0-301F-11D3-BF4B-00C04F79EFBC}") = "Foreach", "Foreach\Foreach.csproj", "{46E25FAE-A1C8-484E-9FE8-6B9F704DB081}"
EndProject
Project("{FAE04EC0-301F-11D3-BF4B-00C04F79EFBC}") = "ReviewNestedLoop", "ReviewNestedLoop\ReviewNestedLoop.csproj", "{0A0728D1-F925-4B9D-BC43-E56057FCDFB6}"
EndProject
Project("{FAE04EC0-301F-11D3-BF4B-00C04F79EFBC}") = "OOP1", "OOP1\OOP1.csproj", "{D4D5DE8B-90A1-4211-88CA-1AC1A74E5D09}"
EndProject
Project("{FAE04EC0-301F-11D3-BF4B-00C04F79EFBC}") = "OOP2", "OOP2\OOP2.csproj", "{447BCF44-F5E9-4C10-85E8-E453C88CBE34}"
EndProject
Project("{FAE04EC0-301F-11D3-BF4B-00C04F79EFBC}") = "OOP3_ExtensionMethod", "OOP3_ExtensionMethod\OOP3_ExtensionMethod.csproj", "{BD069A92-D292-4BA0-BE6A-F32B6E52317C}"
EndProject
Project("{FAE04EC0-301F-11D3-BF4B-00C04F79EFBC}") = "OOP2_Review as Library", "OOP2_Review as Library\OOP2_Review as Library.csproj", "{944A8543-C520-4F28-AB6D-D598225AB4B6}"
EndProject
Project("{FAE04EC0-301F-11D3-BF4B-00C04F79EFBC}") = "Collection_Generic", "Collection_Generic\Collection_Generic.csproj", "{A3AA94AE-2C03-4801-84AB-9F39FB44C77D}"
EndProject
Project("{FAE04EC0-301F-11D3-BF4B-00C04F79EFBC}") = "BuilderPattern", "BuilderPattern\BuilderPattern.csproj", "{044DE341-433F-5702-4D82-2BB3FD3832E3}"
EndProject
Project("{FAE04EC0-301F-11D3-BF4B-00C04F79EFBC}") = "CallByReference", "CallByReference\CallByReference.csproj", "{FF4BA2AA-2640-2C01-77A9-096740F32635}"
EndProject
Project("{FAE04EC0-301F-11D3-BF4B-00C04F79EFBC}") = "FactoriesPattern", "FactoriesPattern\FactoriesPattern.csproj", "{15ADFCBE-9B56-7B0A-7AE5-771D29B1F4C9}"
EndProject
Project("{FAE04EC0-301F-11D3-BF4B-00C04F79EFBC}") = "OOP4_Dictionary", "OOP4_Dictionary\OOP4_Dictionary.csproj", "{98F18ED3-D4A9-1B14-3617-E10A9C9B3D1B}"
EndProject
Project("{FAE04EC0-301F-11D3-BF4B-00C04F79EFBC}") = "OOP5_Clone", "OOP5_Clone\OOP5_Clone.csproj", "{7C9916E8-115B-7656-4D5E-EAB663836850}"
EndProject
Project("{FAE04EC0-301F-11D3-BF4B-00C04F79EFBC}") = "SingletonPattern", "SingletonPattern\SingletonPattern.csproj", "{FABC0CC8-7E79-3D9B-8D56-17C4207BB104}"
EndProject
Project("{FAE04EC0-301F-11D3-BF4B-00C04F79EFBC}") = "PrototypePattern", "PrototypePattern\PrototypePattern.csproj", "{92C92FD4-253A-352A-CA1D-8ACA5E5F3868}"
EndProject
Project("{FAE04EC0-301F-11D3-BF4B-00C04F79EFBC}") = "ObserverPattern", "ObserverPattern\ObserverPattern.csproj", "{FEBF851F-917B-C45E-D2B8-7873FE9FDB40}"
EndProject
Project("{FAE04EC0-301F-11D3-BF4B-00C04F79EFBC}") = "DemoDelegate1", "DemoDelegate1\DemoDelegate1.csproj", "{C6BCF139-8C4B-2069-5598-DC1115075816}"
EndProject
Project("{FAE04EC0-301F-11D3-BF4B-00C04F79EFBC}") = "DemoLinqToObject", "DemoLinqToObject\DemoLinqToObject.csproj", "{36B3007A-35B2-C847-3405-52C20D732BBC}"
EndProject
Project("{FAE04EC0-301F-11D3-BF4B-00C04F79EFBC}") = "DemoLinqToObject2", "DemoLinqToObject2\DemoLinqToObject2.csproj", "{61D31C4D-9DBD-C55A-5EC4-CFCC12A22CDC}"
EndProject
Project("{FAE04EC0-301F-11D3-BF4B-00C04F79EFBC}") = "DemoMyStoreLINQ2SQL", "DemoMyStoreLINQ2SQL\DemoMyStoreLINQ2SQL.csproj", "{C6C2DF85-37EF-07D2-D8A1-425496CE28B9}"
EndProject
Project("{FAE04EC0-301F-11D3-BF4B-00C04F79EFBC}") = "LucyDemoLINQ2SQL", "LucyDemoLINQ2SQL\LucyDemoLINQ2SQL.csproj", "{394D3A28-F7DE-4FA5-AA1F-942EBF4F35A8}"
EndProject
Project("{2150E333-8FDC-42A3-9474-1A3956D46DE8}") = "Chapter7", "Chapter7", "{02EA681E-C7D8-13C7-8484-4AC65E1B71E8}"
EndProject
Project("{FAE04EC0-301F-11D3-BF4B-00C04F79EFBC}") = "HelloWpfApp", "HelloWpfApp\HelloWpfApp.csproj", "{B97ACF76-3ED6-4D3A-8A32-0BF3E3DFF315}"
EndProject
Project("{FAE04EC0-301F-11D3-BF4B-00C04F79EFBC}") = "ButtonControl_TongHop", "ButtonControl_TongHop\ButtonControl_TongHop.csproj", "{DD4E25FD-E579-4590-8334-1D4BE1C04989}"
EndProject
Project("{FAE04EC0-301F-11D3-BF4B-00C04F79EFBC}") = "ControlCoBan2", "ControlCoBan2\ControlCoBan2.csproj", "{9051C2BB-A1DB-4628-A335-EFC7F9580BA6}"
EndProject
Project("{FAE04EC0-301F-11D3-BF4B-00C04F79EFBC}") = "ControlCoBan3", "ControlCoBan3\ControlCoBan3.csproj", "{E1423C1C-5702-4E49-AFD1-27AE38687004}"
EndProject
Project("{FAE04EC0-301F-11D3-BF4B-00C04F79EFBC}") = "ListWpf", "ListWpf\ListWpf.csproj", "{E5A1F1C0-15FB-4845-899B-45980B05259D}"
EndProject
Global
	GlobalSection(SolutionConfigurationPlatforms) = preSolution
		Debug|Any CPU = Debug|Any CPU
		Release|Any CPU = Release|Any CPU
	EndGlobalSection
	GlobalSection(ProjectConfigurationPlatforms) = postSolution
		{B3661E39-C91C-4963-9954-9A7F5864D122}.Debug|Any CPU.ActiveCfg = Debug|Any CPU
		{B3661E39-C91C-4963-9954-9A7F5864D122}.Debug|Any CPU.Build.0 = Debug|Any CPU
		{B3661E39-C91C-4963-9954-9A7F5864D122}.Release|Any CPU.ActiveCfg = Release|Any CPU
		{B3661E39-C91C-4963-9954-9A7F5864D122}.Release|Any CPU.Build.0 = Release|Any CPU
		{C6260324-F43F-433B-9D8D-25DC2B5873D3}.Debug|Any CPU.ActiveCfg = Debug|Any CPU
		{C6260324-F43F-433B-9D8D-25DC2B5873D3}.Debug|Any CPU.Build.0 = Debug|Any CPU
		{C6260324-F43F-433B-9D8D-25DC2B5873D3}.Release|Any CPU.ActiveCfg = Release|Any CPU
		{C6260324-F43F-433B-9D8D-25DC2B5873D3}.Release|Any CPU.Build.0 = Release|Any CPU
		{5C9963FB-FAE2-49F2-81EE-9C092DD61037}.Debug|Any CPU.ActiveCfg = Debug|Any CPU
		{5C9963FB-FAE2-49F2-81EE-9C092DD61037}.Debug|Any CPU.Build.0 = Debug|Any CPU
		{5C9963FB-FAE2-49F2-81EE-9C092DD61037}.Release|Any CPU.ActiveCfg = Release|Any CPU
		{5C9963FB-FAE2-49F2-81EE-9C092DD61037}.Release|Any CPU.Build.0 = Release|Any CPU
		{8FC1B901-60A6-4A8A-8F04-AC4B24160E14}.Debug|Any CPU.ActiveCfg = Debug|Any CPU
		{8FC1B901-60A6-4A8A-8F04-AC4B24160E14}.Debug|Any CPU.Build.0 = Debug|Any CPU
		{8FC1B901-60A6-4A8A-8F04-AC4B24160E14}.Release|Any CPU.ActiveCfg = Release|Any CPU
		{8FC1B901-60A6-4A8A-8F04-AC4B24160E14}.Release|Any CPU.Build.0 = Release|Any CPU
		{CB8E01FF-9916-48FA-9747-D8C17ACF86A1}.Debug|Any CPU.ActiveCfg = Debug|Any CPU
		{CB8E01FF-9916-48FA-9747-D8C17ACF86A1}.Debug|Any CPU.Build.0 = Debug|Any CPU
		{CB8E01FF-9916-48FA-9747-D8C17ACF86A1}.Release|Any CPU.ActiveCfg = Release|Any CPU
		{CB8E01FF-9916-48FA-9747-D8C17ACF86A1}.Release|Any CPU.Build.0 = Release|Any CPU
		{E6976327-F1F6-40CC-87CF-1F1FCD3227B6}.Debug|Any CPU.ActiveCfg = Debug|Any CPU
		{E6976327-F1F6-40CC-87CF-1F1FCD3227B6}.Debug|Any CPU.Build.0 = Debug|Any CPU
		{E6976327-F1F6-40CC-87CF-1F1FCD3227B6}.Release|Any CPU.ActiveCfg = Release|Any CPU
		{E6976327-F1F6-40CC-87CF-1F1FCD3227B6}.Release|Any CPU.Build.0 = Release|Any CPU
		{59D8A0E9-2DC4-41FD-AE0C-881A8743D7E8}.Debug|Any CPU.ActiveCfg = Debug|Any CPU
		{59D8A0E9-2DC4-41FD-AE0C-881A8743D7E8}.Debug|Any CPU.Build.0 = Debug|Any CPU
		{59D8A0E9-2DC4-41FD-AE0C-881A8743D7E8}.Release|Any CPU.ActiveCfg = Release|Any CPU
		{59D8A0E9-2DC4-41FD-AE0C-881A8743D7E8}.Release|Any CPU.Build.0 = Release|Any CPU
		{46E25FAE-A1C8-484E-9FE8-6B9F704DB081}.Debug|Any CPU.ActiveCfg = Debug|Any CPU
		{46E25FAE-A1C8-484E-9FE8-6B9F704DB081}.Debug|Any CPU.Build.0 = Debug|Any CPU
		{46E25FAE-A1C8-484E-9FE8-6B9F704DB081}.Release|Any CPU.ActiveCfg = Release|Any CPU
		{46E25FAE-A1C8-484E-9FE8-6B9F704DB081}.Release|Any CPU.Build.0 = Release|Any CPU
		{0A0728D1-F925-4B9D-BC43-E56057FCDFB6}.Debug|Any CPU.ActiveCfg = Debug|Any CPU
		{0A0728D1-F925-4B9D-BC43-E56057FCDFB6}.Debug|Any CPU.Build.0 = Debug|Any CPU
		{0A0728D1-F925-4B9D-BC43-E56057FCDFB6}.Release|Any CPU.ActiveCfg = Release|Any CPU
		{0A0728D1-F925-4B9D-BC43-E56057FCDFB6}.Release|Any CPU.Build.0 = Release|Any CPU
		{D4D5DE8B-90A1-4211-88CA-1AC1A74E5D09}.Debug|Any CPU.ActiveCfg = Debug|Any CPU
		{D4D5DE8B-90A1-4211-88CA-1AC1A74E5D09}.Debug|Any CPU.Build.0 = Debug|Any CPU
		{D4D5DE8B-90A1-4211-88CA-1AC1A74E5D09}.Release|Any CPU.ActiveCfg = Release|Any CPU
		{D4D5DE8B-90A1-4211-88CA-1AC1A74E5D09}.Release|Any CPU.Build.0 = Release|Any CPU
		{447BCF44-F5E9-4C10-85E8-E453C88CBE34}.Debug|Any CPU.ActiveCfg = Debug|Any CPU
		{447BCF44-F5E9-4C10-85E8-E453C88CBE34}.Debug|Any CPU.Build.0 = Debug|Any CPU
		{447BCF44-F5E9-4C10-85E8-E453C88CBE34}.Release|Any CPU.ActiveCfg = Release|Any CPU
		{447BCF44-F5E9-4C10-85E8-E453C88CBE34}.Release|Any CPU.Build.0 = Release|Any CPU
		{BD069A92-D292-4BA0-BE6A-F32B6E52317C}.Debug|Any CPU.ActiveCfg = Debug|Any CPU
		{BD069A92-D292-4BA0-BE6A-F32B6E52317C}.Debug|Any CPU.Build.0 = Debug|Any CPU
		{BD069A92-D292-4BA0-BE6A-F32B6E52317C}.Release|Any CPU.ActiveCfg = Release|Any CPU
		{BD069A92-D292-4BA0-BE6A-F32B6E52317C}.Release|Any CPU.Build.0 = Release|Any CPU
		{944A8543-C520-4F28-AB6D-D598225AB4B6}.Debug|Any CPU.ActiveCfg = Debug|Any CPU
		{944A8543-C520-4F28-AB6D-D598225AB4B6}.Debug|Any CPU.Build.0 = Debug|Any CPU
		{944A8543-C520-4F28-AB6D-D598225AB4B6}.Release|Any CPU.ActiveCfg = Release|Any CPU
		{944A8543-C520-4F28-AB6D-D598225AB4B6}.Release|Any CPU.Build.0 = Release|Any CPU
		{A3AA94AE-2C03-4801-84AB-9F39FB44C77D}.Debug|Any CPU.ActiveCfg = Debug|Any CPU
		{A3AA94AE-2C03-4801-84AB-9F39FB44C77D}.Debug|Any CPU.Build.0 = Debug|Any CPU
		{A3AA94AE-2C03-4801-84AB-9F39FB44C77D}.Release|Any CPU.ActiveCfg = Release|Any CPU
		{A3AA94AE-2C03-4801-84AB-9F39FB44C77D}.Release|Any CPU.Build.0 = Release|Any CPU
		{044DE341-433F-5702-4D82-2BB3FD3832E3}.Debug|Any CPU.ActiveCfg = Debug|Any CPU
		{044DE341-433F-5702-4D82-2BB3FD3832E3}.Debug|Any CPU.Build.0 = Debug|Any CPU
		{044DE341-433F-5702-4D82-2BB3FD3832E3}.Release|Any CPU.ActiveCfg = Release|Any CPU
		{044DE341-433F-5702-4D82-2BB3FD3832E3}.Release|Any CPU.Build.0 = Release|Any CPU
		{FF4BA2AA-2640-2C01-77A9-096740F32635}.Debug|Any CPU.ActiveCfg = Debug|Any CPU
		{FF4BA2AA-2640-2C01-77A9-096740F32635}.Debug|Any CPU.Build.0 = Debug|Any CPU
		{FF4BA2AA-2640-2C01-77A9-096740F32635}.Release|Any CPU.ActiveCfg = Release|Any CPU
		{FF4BA2AA-2640-2C01-77A9-096740F32635}.Release|Any CPU.Build.0 = Release|Any CPU
		{15ADFCBE-9B56-7B0A-7AE5-771D29B1F4C9}.Debug|Any CPU.ActiveCfg = Debug|Any CPU
		{15ADFCBE-9B56-7B0A-7AE5-771D29B1F4C9}.Debug|Any CPU.Build.0 = Debug|Any CPU
		{15ADFCBE-9B56-7B0A-7AE5-771D29B1F4C9}.Release|Any CPU.ActiveCfg = Release|Any CPU
		{15ADFCBE-9B56-7B0A-7AE5-771D29B1F4C9}.Release|Any CPU.Build.0 = Release|Any CPU
		{98F18ED3-D4A9-1B14-3617-E10A9C9B3D1B}.Debug|Any CPU.ActiveCfg = Debug|Any CPU
		{98F18ED3-D4A9-1B14-3617-E10A9C9B3D1B}.Debug|Any CPU.Build.0 = Debug|Any CPU
		{98F18ED3-D4A9-1B14-3617-E10A9C9B3D1B}.Release|Any CPU.ActiveCfg = Release|Any CPU
		{98F18ED3-D4A9-1B14-3617-E10A9C9B3D1B}.Release|Any CPU.Build.0 = Release|Any CPU
		{7C9916E8-115B-7656-4D5E-EAB663836850}.Debug|Any CPU.ActiveCfg = Debug|Any CPU
		{7C9916E8-115B-7656-4D5E-EAB663836850}.Debug|Any CPU.Build.0 = Debug|Any CPU
		{7C9916E8-115B-7656-4D5E-EAB663836850}.Release|Any CPU.ActiveCfg = Release|Any CPU
		{7C9916E8-115B-7656-4D5E-EAB663836850}.Release|Any CPU.Build.0 = Release|Any CPU
		{FABC0CC8-7E79-3D9B-8D56-17C4207BB104}.Debug|Any CPU.ActiveCfg = Debug|Any CPU
		{FABC0CC8-7E79-3D9B-8D56-17C4207BB104}.Debug|Any CPU.Build.0 = Debug|Any CPU
		{FABC0CC8-7E79-3D9B-8D56-17C4207BB104}.Release|Any CPU.ActiveCfg = Release|Any CPU
		{FABC0CC8-7E79-3D9B-8D56-17C4207BB104}.Release|Any CPU.Build.0 = Release|Any CPU
		{92C92FD4-253A-352A-CA1D-8ACA5E5F3868}.Debug|Any CPU.ActiveCfg = Debug|Any CPU
		{92C92FD4-253A-352A-CA1D-8ACA5E5F3868}.Debug|Any CPU.Build.0 = Debug|Any CPU
		{92C92FD4-253A-352A-CA1D-8ACA5E5F3868}.Release|Any CPU.ActiveCfg = Release|Any CPU
		{92C92FD4-253A-352A-CA1D-8ACA5E5F3868}.Release|Any CPU.Build.0 = Release|Any CPU
		{FEBF851F-917B-C45E-D2B8-7873FE9FDB40}.Debug|Any CPU.ActiveCfg = Debug|Any CPU
		{FEBF851F-917B-C45E-D2B8-7873FE9FDB40}.Debug|Any CPU.Build.0 = Debug|Any CPU
		{FEBF851F-917B-C45E-D2B8-7873FE9FDB40}.Release|Any CPU.ActiveCfg = Release|Any CPU
		{FEBF851F-917B-C45E-D2B8-7873FE9FDB40}.Release|Any CPU.Build.0 = Release|Any CPU
		{C6BCF139-8C4B-2069-5598-DC1115075816}.Debug|Any CPU.ActiveCfg = Debug|Any CPU
		{C6BCF139-8C4B-2069-5598-DC1115075816}.Debug|Any CPU.Build.0 = Debug|Any CPU
		{C6BCF139-8C4B-2069-5598-DC1115075816}.Release|Any CPU.ActiveCfg = Release|Any CPU
		{C6BCF139-8C4B-2069-5598-DC1115075816}.Release|Any CPU.Build.0 = Release|Any CPU
		{36B3007A-35B2-C847-3405-52C20D732BBC}.Debug|Any CPU.ActiveCfg = Debug|Any CPU
		{36B3007A-35B2-C847-3405-52C20D732BBC}.Debug|Any CPU.Build.0 = Debug|Any CPU
		{36B3007A-35B2-C847-3405-52C20D732BBC}.Release|Any CPU.ActiveCfg = Release|Any CPU
		{36B3007A-35B2-C847-3405-52C20D732BBC}.Release|Any CPU.Build.0 = Release|Any CPU
		{61D31C4D-9DBD-C55A-5EC4-CFCC12A22CDC}.Debug|Any CPU.ActiveCfg = Debug|Any CPU
		{61D31C4D-9DBD-C55A-5EC4-CFCC12A22CDC}.Debug|Any CPU.Build.0 = Debug|Any CPU
		{61D31C4D-9DBD-C55A-5EC4-CFCC12A22CDC}.Release|Any CPU.ActiveCfg = Release|Any CPU
		{61D31C4D-9DBD-C55A-5EC4-CFCC12A22CDC}.Release|Any CPU.Build.0 = Release|Any CPU
		{C6C2DF85-37EF-07D2-D8A1-425496CE28B9}.Debug|Any CPU.ActiveCfg = Debug|Any CPU
		{C6C2DF85-37EF-07D2-D8A1-425496CE28B9}.Debug|Any CPU.Build.0 = Debug|Any CPU
		{C6C2DF85-37EF-07D2-D8A1-425496CE28B9}.Release|Any CPU.ActiveCfg = Release|Any CPU
		{C6C2DF85-37EF-07D2-D8A1-425496CE28B9}.Release|Any CPU.Build.0 = Release|Any CPU
		{394D3A28-F7DE-4FA5-AA1F-942EBF4F35A8}.Debug|Any CPU.ActiveCfg = Debug|Any CPU
		{394D3A28-F7DE-4FA5-AA1F-942EBF4F35A8}.Debug|Any CPU.Build.0 = Debug|Any CPU
		{394D3A28-F7DE-4FA5-AA1F-942EBF4F35A8}.Release|Any CPU.ActiveCfg = Release|Any CPU
		{394D3A28-F7DE-4FA5-AA1F-942EBF4F35A8}.Release|Any CPU.Build.0 = Release|Any CPU
		{B97ACF76-3ED6-4D3A-8A32-0BF3E3DFF315}.Debug|Any CPU.ActiveCfg = Debug|Any CPU
		{B97ACF76-3ED6-4D3A-8A32-0BF3E3DFF315}.Debug|Any CPU.Build.0 = Debug|Any CPU
		{B97ACF76-3ED6-4D3A-8A32-0BF3E3DFF315}.Release|Any CPU.ActiveCfg = Release|Any CPU
		{B97ACF76-3ED6-4D3A-8A32-0BF3E3DFF315}.Release|Any CPU.Build.0 = Release|Any CPU
		{DD4E25FD-E579-4590-8334-1D4BE1C04989}.Debug|Any CPU.ActiveCfg = Debug|Any CPU
		{DD4E25FD-E579-4590-8334-1D4BE1C04989}.Debug|Any CPU.Build.0 = Debug|Any CPU
		{DD4E25FD-E579-4590-8334-1D4BE1C04989}.Release|Any CPU.ActiveCfg = Release|Any CPU
		{DD4E25FD-E579-4590-8334-1D4BE1C04989}.Release|Any CPU.Build.0 = Release|Any CPU
		{9051C2BB-A1DB-4628-A335-EFC7F9580BA6}.Debug|Any CPU.ActiveCfg = Debug|Any CPU
		{9051C2BB-A1DB-4628-A335-EFC7F9580BA6}.Debug|Any CPU.Build.0 = Debug|Any CPU
		{9051C2BB-A1DB-4628-A335-EFC7F9580BA6}.Release|Any CPU.ActiveCfg = Release|Any CPU
		{9051C2BB-A1DB-4628-A335-EFC7F9580BA6}.Release|Any CPU.Build.0 = Release|Any CPU
		{E1423C1C-5702-4E49-AFD1-27AE38687004}.Debug|Any CPU.ActiveCfg = Debug|Any CPU
		{E1423C1C-5702-4E49-AFD1-27AE38687004}.Debug|Any CPU.Build.0 = Debug|Any CPU
		{E1423C1C-5702-4E49-AFD1-27AE38687004}.Release|Any CPU.ActiveCfg = Release|Any CPU
		{E1423C1C-5702-4E49-AFD1-27AE38687004}.Release|Any CPU.Build.0 = Release|Any CPU
		{E5A1F1C0-15FB-4845-899B-45980B05259D}.Debug|Any CPU.ActiveCfg = Debug|Any CPU
		{E5A1F1C0-15FB-4845-899B-45980B05259D}.Debug|Any CPU.Build.0 = Debug|Any CPU
		{E5A1F1C0-15FB-4845-899B-45980B05259D}.Release|Any CPU.ActiveCfg = Release|Any CPU
		{E5A1F1C0-15FB-4845-899B-45980B05259D}.Release|Any CPU.Build.0 = Release|Any CPU
	EndGlobalSection
	GlobalSection(SolutionProperties) = preSolution
		HideSolutionNode = FALSE
	EndGlobalSection
	GlobalSection(NestedProjects) = preSolution
		{B97ACF76-3ED6-4D3A-8A32-0BF3E3DFF315} = {02EA681E-C7D8-13C7-8484-4AC65E1B71E8}
		{DD4E25FD-E579-4590-8334-1D4BE1C04989} = {02EA681E-C7D8-13C7-8484-4AC65E1B71E8}
		{9051C2BB-A1DB-4628-A335-EFC7F9580BA6} = {02EA681E-C7D8-13C7-8484-4AC65E1B71E8}
		{E1423C1C-5702-4E49-AFD1-27AE38687004} = {02EA681E-C7D8-13C7-8484-4AC65E1B71E8}
		{E5A1F1C0-15FB-4845-899B-45980B05259D} = {02EA681E-C7D8-13C7-8484-4AC65E1B71E8}
	EndGlobalSection
	GlobalSection(ExtensibilityGlobals) = postSolution
		SolutionGuid = {F2D92137-5431-4462-8211-2755D1241475}
	EndGlobalSection
EndGlobal
